
Microsoft Visual Studio Solution File, Format Version 12.00
Project("{2150E333-8FDC-42A3-9474-1A3956D46DE8}") = "src", "src", "{3C09A96B-D005-4D95-8C0A-2436D557E474}"
EndProject
Project("{2150E333-8FDC-42A3-9474-1A3956D46DE8}") = "tests", "tests", "{12FDD1BD-421C-4A0C-9E1D-162539CB35A0}"
EndProject
Project("{2150E333-8FDC-42A3-9474-1A3956D46DE8}") = "docs", "docs", "{72AD9D69-8004-4A0F-A808-C3FC88309478}"
EndProject
Project("{FAE04EC0-301F-11D3-BF4B-00C04F79EFBC}") = "XRPL.NET.Core", "XRPL.NET.Core\XRPL.NET.Core.csproj", "{5ADFBE21-5749-484F-A7F7-858A72C3B2D2}"
EndProject
Project("{FAE04EC0-301F-11D3-BF4B-00C04F79EFBC}") = "XRPL.NET.Cryptography", "XRPL.NET.Cryptography\XRPL.NET.Cryptography.csproj", "{F7A405E0-A5E6-461E-850D-F1C0D88B0478}"
EndProject
Project("{FAE04EC0-301F-11D3-BF4B-00C04F79EFBC}") = "XRPL.NET.Models", "XRPL.NET.Models\XRPL.NET.Models.csproj", "{B8497D42-1BDB-42E3-B2BC-DBCC83282A4B}"
EndProject
Project("{FAE04EC0-301F-11D3-BF4B-00C04F79EFBC}") = "XRPL.NET.Client", "XRPL.NET.Client\XRPL.NET.Client.csproj", "{1BC2CB79-D3E7-401A-AC54-EA05579B6F77}"
EndProject
Project("{FAE04EC0-301F-11D3-BF4B-00C04F79EFBC}") = "XRPL.NET.Serialization", "XRPL.NET.Serialization\XRPL.NET.Serialization.csproj", "{B1A4AA37-DBA1-4947-8672-B30C1CE1CD51}"
EndProject
Project("{FAE04EC0-301F-11D3-BF4B-00C04F79EFBC}") = "XRPL.NET.Transactions", "XRPL.NET.Transactions\XRPL.NET.Transactions.csproj", "{96CF16C3-F414-4A9F-AD37-A7FE8CC98706}"
EndProject
Project("{FAE04EC0-301F-11D3-BF4B-00C04F79EFBC}") = "XRPL.NET.Wallet", "XRPL.NET.Wallet\XRPL.NET.Wallet.csproj", "{8DBE2D2B-0C72-4C90-9C84-546C2B28CFC7}"
EndProject
Project("{FAE04EC0-301F-11D3-BF4B-00C04F79EFBC}") = "XRPL.NET", "XRPL.NET\XRPL.NET.csproj", "{4CED0747-4350-4E60-94C9-A9C54CD7E8F8}"
EndProject
Project("{FAE04EC0-301F-11D3-BF4B-00C04F79EFBC}") = "XRPL.NET.Demo", "XRPL.NET.Demo\XRPL.NET.Demo.csproj", "{E03DF122-A797-47FE-B2DF-98D35EAEFC8A}"
EndProject
Global
	GlobalSection(SolutionConfigurationPlatforms) = preSolution
		Debug|Any CPU = Debug|Any CPU
		Release|Any CPU = Release|Any CPU
	EndGlobalSection
	GlobalSection(NestedProjects) = preSolution
		{5ADFBE21-5749-484F-A7F7-858A72C3B2D2} = {3C09A96B-D005-4D95-8C0A-2436D557E474}
		{F7A405E0-A5E6-461E-850D-F1C0D88B0478} = {3C09A96B-D005-4D95-8C0A-2436D557E474}
		{B8497D42-1BDB-42E3-B2BC-DBCC83282A4B} = {3C09A96B-D005-4D95-8C0A-2436D557E474}
		{1BC2CB79-D3E7-401A-AC54-EA05579B6F77} = {3C09A96B-D005-4D95-8C0A-2436D557E474}
		{B1A4AA37-DBA1-4947-8672-B30C1CE1CD51} = {3C09A96B-D005-4D95-8C0A-2436D557E474}
		{96CF16C3-F414-4A9F-AD37-A7FE8CC98706} = {3C09A96B-D005-4D95-8C0A-2436D557E474}
		{8DBE2D2B-0C72-4C90-9C84-546C2B28CFC7} = {3C09A96B-D005-4D95-8C0A-2436D557E474}
		{4CED0747-4350-4E60-94C9-A9C54CD7E8F8} = {3C09A96B-D005-4D95-8C0A-2436D557E474}
		{E03DF122-A797-47FE-B2DF-98D35EAEFC8A} = {12FDD1BD-421C-4A0C-9E1D-162539CB35A0}
	EndGlobalSection
	GlobalSection(ProjectConfigurationPlatforms) = postSolution
		{5ADFBE21-5749-484F-A7F7-858A72C3B2D2}.Debug|Any CPU.ActiveCfg = Debug|Any CPU
		{5ADFBE21-5749-484F-A7F7-858A72C3B2D2}.Debug|Any CPU.Build.0 = Debug|Any CPU
		{5ADFBE21-5749-484F-A7F7-858A72C3B2D2}.Release|Any CPU.ActiveCfg = Release|Any CPU
		{5ADFBE21-5749-484F-A7F7-858A72C3B2D2}.Release|Any CPU.Build.0 = Release|Any CPU
		{F7A405E0-A5E6-461E-850D-F1C0D88B0478}.Debug|Any CPU.ActiveCfg = Debug|Any CPU
		{F7A405E0-A5E6-461E-850D-F1C0D88B0478}.Debug|Any CPU.Build.0 = Debug|Any CPU
		{F7A405E0-A5E6-461E-850D-F1C0D88B0478}.Release|Any CPU.ActiveCfg = Release|Any CPU
		{F7A405E0-A5E6-461E-850D-F1C0D88B0478}.Release|Any CPU.Build.0 = Release|Any CPU
		{B8497D42-1BDB-42E3-B2BC-DBCC83282A4B}.Debug|Any CPU.ActiveCfg = Debug|Any CPU
		{B8497D42-1BDB-42E3-B2BC-DBCC83282A4B}.Debug|Any CPU.Build.0 = Debug|Any CPU
		{B8497D42-1BDB-42E3-B2BC-DBCC83282A4B}.Release|Any CPU.ActiveCfg = Release|Any CPU
		{B8497D42-1BDB-42E3-B2BC-DBCC83282A4B}.Release|Any CPU.Build.0 = Release|Any CPU
		{1BC2CB79-D3E7-401A-AC54-EA05579B6F77}.Debug|Any CPU.ActiveCfg = Debug|Any CPU
		{1BC2CB79-D3E7-401A-AC54-EA05579B6F77}.Debug|Any CPU.Build.0 = Debug|Any CPU
		{1BC2CB79-D3E7-401A-AC54-EA05579B6F77}.Release|Any CPU.ActiveCfg = Release|Any CPU
		{1BC2CB79-D3E7-401A-AC54-EA05579B6F77}.Release|Any CPU.Build.0 = Release|Any CPU
		{B1A4AA37-DBA1-4947-8672-B30C1CE1CD51}.Debug|Any CPU.ActiveCfg = Debug|Any CPU
		{B1A4AA37-DBA1-4947-8672-B30C1CE1CD51}.Debug|Any CPU.Build.0 = Debug|Any CPU
		{B1A4AA37-DBA1-4947-8672-B30C1CE1CD51}.Release|Any CPU.ActiveCfg = Release|Any CPU
		{B1A4AA37-DBA1-4947-8672-B30C1CE1CD51}.Release|Any CPU.Build.0 = Release|Any CPU
		{96CF16C3-F414-4A9F-AD37-A7FE8CC98706}.Debug|Any CPU.ActiveCfg = Debug|Any CPU
		{96CF16C3-F414-4A9F-AD37-A7FE8CC98706}.Debug|Any CPU.Build.0 = Debug|Any CPU
		{96CF16C3-F414-4A9F-AD37-A7FE8CC98706}.Release|Any CPU.ActiveCfg = Release|Any CPU
		{96CF16C3-F414-4A9F-AD37-A7FE8CC98706}.Release|Any CPU.Build.0 = Release|Any CPU
		{8DBE2D2B-0C72-4C90-9C84-546C2B28CFC7}.Debug|Any CPU.ActiveCfg = Debug|Any CPU
		{8DBE2D2B-0C72-4C90-9C84-546C2B28CFC7}.Debug|Any CPU.Build.0 = Debug|Any CPU
		{8DBE2D2B-0C72-4C90-9C84-546C2B28CFC7}.Release|Any CPU.ActiveCfg = Release|Any CPU
		{8DBE2D2B-0C72-4C90-9C84-546C2B28CFC7}.Release|Any CPU.Build.0 = Release|Any CPU
		{4CED0747-4350-4E60-94C9-A9C54CD7E8F8}.Debug|Any CPU.ActiveCfg = Debug|Any CPU
		{4CED0747-4350-4E60-94C9-A9C54CD7E8F8}.Debug|Any CPU.Build.0 = Debug|Any CPU
		{4CED0747-4350-4E60-94C9-A9C54CD7E8F8}.Release|Any CPU.ActiveCfg = Release|Any CPU
		{4CED0747-4350-4E60-94C9-A9C54CD7E8F8}.Release|Any CPU.Build.0 = Release|Any CPU
		{E03DF122-A797-47FE-B2DF-98D35EAEFC8A}.Debug|Any CPU.ActiveCfg = Debug|Any CPU
		{E03DF122-A797-47FE-B2DF-98D35EAEFC8A}.Debug|Any CPU.Build.0 = Debug|Any CPU
		{E03DF122-A797-47FE-B2DF-98D35EAEFC8A}.Release|Any CPU.ActiveCfg = Release|Any CPU
		{E03DF122-A797-47FE-B2DF-98D35EAEFC8A}.Release|Any CPU.Build.0 = Release|Any CPU
	EndGlobalSection
EndGlobal
